
Microsoft Visual Studio Solution File, Format Version 12.00
# Visual Studio Version 17
VisualStudioVersion = 17.6.33815.320
MinimumVisualStudioVersion = 10.0.40219.1
Project("{9A19103F-16F7-4668-BE54-9A1E7A4F7556}") = "youtube", "youtube.csproj", "{DEA0AB49-B382-46F0-8C95-89CA972279CC}"
EndProject
Global
	GlobalSection(SolutionConfigurationPlatforms) = preSolution
		Debug|Any CPU = Debug|Any CPU
		Release|Any CPU = Release|Any CPU
	EndGlobalSection
	GlobalSection(ProjectConfigurationPlatforms) = postSolution
		{DEA0AB49-B382-46F0-8C95-89CA972279CC}.Debug|Any CPU.ActiveCfg = Debug|Any CPU
		{DEA0AB49-B382-46F0-8C95-89CA972279CC}.Debug|Any CPU.Build.0 = Debug|Any CPU
		{DEA0AB49-B382-46F0-8C95-89CA972279CC}.Release|Any CPU.ActiveCfg = Release|Any CPU
		{DEA0AB49-B382-46F0-8C95-89CA972279CC}.Release|Any CPU.Build.0 = Release|Any CPU
	EndGlobalSection
	GlobalSection(SolutionProperties) = preSolution
		HideSolutionNode = FALSE
	EndGlobalSection
	GlobalSection(ExtensibilityGlobals) = postSolution
		SolutionGuid = {2E803BC6-7077-4743-A82E-79AD416723C5}
	EndGlobalSection
EndGlobal
